
Microsoft Visual Studio Solution File, Format Version 12.00
# Visual Studio Version 17
VisualStudioVersion = 17.14.36518.9 d17.14
MinimumVisualStudioVersion = 10.0.40219.1
Project("{FAE04EC0-301F-11D3-BF4B-00C04F79EFBC}") = "FCG.Games", "FCG.Games\FCG.Games.csproj", "{45F913FC-85BB-4A31-9E62-A77F173ED33E}"
EndProject
Global
	GlobalSection(SolutionConfigurationPlatforms) = preSolution
		Debug|Any CPU = Debug|Any CPU
		Release|Any CPU = Release|Any CPU
	EndGlobalSection
	GlobalSection(ProjectConfigurationPlatforms) = postSolution
		{45F913FC-85BB-4A31-9E62-A77F173ED33E}.Debug|Any CPU.ActiveCfg = Debug|Any CPU
		{45F913FC-85BB-4A31-9E62-A77F173ED33E}.Debug|Any CPU.Build.0 = Debug|Any CPU
		{45F913FC-85BB-4A31-9E62-A77F173ED33E}.Release|Any CPU.ActiveCfg = Release|Any CPU
		{45F913FC-85BB-4A31-9E62-A77F173ED33E}.Release|Any CPU.Build.0 = Release|Any CPU
	EndGlobalSection
	GlobalSection(SolutionProperties) = preSolution
		HideSolutionNode = FALSE
	EndGlobalSection
	GlobalSection(ExtensibilityGlobals) = postSolution
		SolutionGuid = {B32C4A4A-7F2E-47C0-8BE1-0435FA564432}
	EndGlobalSection
EndGlobal
